
Microsoft Visual Studio Solution File, Format Version 12.00
# Visual Studio Version 17
VisualStudioVersion = 17.13.35825.156 d17.13
MinimumVisualStudioVersion = 10.0.40219.1
Project("{FAE04EC0-301F-11D3-BF4B-00C04F79EFBC}") = "LogicGateSim", "LogicGateSim\LogicGateSim.csproj", "{50548BB6-B6CB-42A3-BD1D-0E8FDEA696DB}"
EndProject
Global
	GlobalSection(SolutionConfigurationPlatforms) = preSolution
		Debug|Any CPU = Debug|Any CPU
		Release|Any CPU = Release|Any CPU
	EndGlobalSection
	GlobalSection(ProjectConfigurationPlatforms) = postSolution
		{50548BB6-B6CB-42A3-BD1D-0E8FDEA696DB}.Debug|Any CPU.ActiveCfg = Debug|Any CPU
		{50548BB6-B6CB-42A3-BD1D-0E8FDEA696DB}.Debug|Any CPU.Build.0 = Debug|Any CPU
		{50548BB6-B6CB-42A3-BD1D-0E8FDEA696DB}.Release|Any CPU.ActiveCfg = Release|Any CPU
		{50548BB6-B6CB-42A3-BD1D-0E8FDEA696DB}.Release|Any CPU.Build.0 = Release|Any CPU
	EndGlobalSection
	GlobalSection(SolutionProperties) = preSolution
		HideSolutionNode = FALSE
	EndGlobalSection
	GlobalSection(ExtensibilityGlobals) = postSolution
		SolutionGuid = {56E9A0E6-65E0-4CF4-80EA-EA8381922F4D}
	EndGlobalSection
EndGlobal
